
Microsoft Visual Studio Solution File, Format Version 12.00
# Visual Studio Version 16
VisualStudioVersion = 16.0.29926.136
MinimumVisualStudioVersion = 10.0.40219.1
Project("{9A19103F-16F7-4668-BE54-9A1E7A4F7556}") = "PDM_RemoNator", "PDM RemoNator\PDM_RemoNator.csproj", "{D32A3B86-1FEA-4A23-B28B-1DF588E42DCA}"
EndProject
Global
	GlobalSection(SolutionConfigurationPlatforms) = preSolution
		Debug|Any CPU = Debug|Any CPU
		Release|Any CPU = Release|Any CPU
	EndGlobalSection
	GlobalSection(ProjectConfigurationPlatforms) = postSolution
		{D32A3B86-1FEA-4A23-B28B-1DF588E42DCA}.Debug|Any CPU.ActiveCfg = Debug|Any CPU
		{D32A3B86-1FEA-4A23-B28B-1DF588E42DCA}.Debug|Any CPU.Build.0 = Debug|Any CPU
		{D32A3B86-1FEA-4A23-B28B-1DF588E42DCA}.Release|Any CPU.ActiveCfg = Release|Any CPU
		{D32A3B86-1FEA-4A23-B28B-1DF588E42DCA}.Release|Any CPU.Build.0 = Release|Any CPU
	EndGlobalSection
	GlobalSection(SolutionProperties) = preSolution
		HideSolutionNode = FALSE
	EndGlobalSection
	GlobalSection(ExtensibilityGlobals) = postSolution
		SolutionGuid = {3CB8DAD2-F2A4-4588-A3E1-4CC61541FFEE}
	EndGlobalSection
EndGlobal
